<?xml version="1.0" encoding="UTF-8" standalone="yes" ?>
<CodeBlocks_project_file>
	<FileVersion major="1" minor="6" />
	<Project>
		<Option title="MorglodsRender" />
		<Option pch_mode="2" />
		<Option compiler="gcc" />
		<Build>
			<Target title="Debug">
				<Option output="BUILD/dMorglodsRender" prefix_auto="1" extension_auto="1" />
				<Option working_dir="" />
				<Option object_output="obj/Debug/" />
				<Option type="2" />
				<Option compiler="gcc" />
				<Option createDefFile="1" />
				<Compiler>
					<Add option="-Wall" />
					<Add option="-pg" />
					<Add option="-g" />
				</Compiler>
				<Linker>
					<Add option="-pg -lgmon" />
				</Linker>
			</Target>
			<Target title="Release">
				<Option output="BUILD/MorglodsRender" prefix_auto="1" extension_auto="1" />
				<Option working_dir="BUILD" />
				<Option object_output="obj/Release/" />
				<Option type="3" />
				<Option compiler="gcc" />
				<Option createDefFile="1" />
				<Option createStaticLib="1" />
				<Compiler>
					<Add option="-fexpensive-optimizations" />
					<Add option="-O3" />
					<Add option="-Wall" />
				</Compiler>
			</Target>
		</Build>
		<Compiler>
			<Add option="-std=c++11" />
		</Compiler>
		<Linker>
			<Add library="SOIL" />
			<Add library="glew32" />
			<Add library="glew32mx" />
			<Add library="opengl32" />
			<Add library="glu32" />
			<Add library="gdi32" />
			<Add library="winmm" />
			<Add library="pthread" />
		</Linker>
		<Unit filename="Anim.cpp" />
		<Unit filename="Anim.hpp" />
		<Unit filename="Boxes.cpp" />
		<Unit filename="Boxes.hpp" />
		<Unit filename="Buffers/Buffers.cpp" />
		<Unit filename="Buffers/Buffers.hpp" />
		<Unit filename="Buffers/BuffersConfig.hpp" />
		<Unit filename="Buffers/BuffersInterfaces.hpp" />
		<Unit filename="Buffers/StreamingBuffer.cpp" />
		<Unit filename="Buffers/StreamingBuffer.hpp" />
		<Unit filename="Buffers/VirtualBuffer.cpp" />
		<Unit filename="Buffers/VirtualBuffer.hpp" />
		<Unit filename="Config.hpp" />
		<Unit filename="Context.cpp" />
		<Unit filename="Context.hpp" />
		<Unit filename="Core.cpp" />
		<Unit filename="Core.hpp" />
		<Unit filename="CoreObjects.cpp" />
		<Unit filename="CoreObjects.hpp" />
		<Unit filename="Geometry/GeometryBufferV2.cpp" />
		<Unit filename="Geometry/GeometryBufferV2.hpp" />
		<Unit filename="Geometry/GeometryData.cpp" />
		<Unit filename="Geometry/GeometryData.hpp" />
		<Unit filename="Geometry/GeometryFormats.cpp" />
		<Unit filename="Geometry/GeometryFormats.hpp" />
		<Unit filename="Geometry/GeometryInterfaces.hpp" />
		<Unit filename="Geometry/GeometryStreams.cpp" />
		<Unit filename="Geometry/GeometryStreams.hpp" />
		<Unit filename="Geometry/InstancedGeometry.cpp" />
		<Unit filename="Geometry/InstancedGeometry.hpp" />
		<Unit filename="Geometry/Mesh.cpp" />
		<Unit filename="Geometry/Mesh.hpp" />
		<Unit filename="Geometry/MeshInterfaces.hpp" />
		<Unit filename="MachineInfo.cpp" />
		<Unit filename="MachineInfo.hpp" />
		<Unit filename="Materials/Material.cpp" />
		<Unit filename="Materials/Material.hpp" />
		<Unit filename="Materials/MaterialInterfaces.hpp" />
		<Unit filename="Materials/MaterialResource.hpp" />
		<Unit filename="Materials/MaterialsConfig.hpp" />
		<Unit filename="Model.cpp" />
		<Unit filename="Model.hpp" />
		<Unit filename="MorglodsRender.hpp" />
		<Unit filename="Pipeline.cpp" />
		<Unit filename="Pipeline.hpp" />
		<Unit filename="Query.cpp" />
		<Unit filename="Query.hpp" />
		<Unit filename="RenderManager.cpp" />
		<Unit filename="RenderManager.hpp" />
		<Unit filename="RenderTarget.cpp" />
		<Unit filename="RenderTarget.hpp" />
		<Unit filename="RenderingUtils/ScreenQuad.cpp" />
		<Unit filename="RenderingUtils/ScreenQuad.hpp" />
		<Unit filename="Resources/Importer.cpp" />
		<Unit filename="Resources/Importer.hpp" />
		<Unit filename="Resources/ResourceManager.cpp" />
		<Unit filename="Resources/ResourceManager.hpp" />
		<Unit filename="Scene/Entity.cpp" />
		<Unit filename="Scene/Entity.hpp" />
		<Unit filename="Scene/Light.cpp" />
		<Unit filename="Scene/Light.hpp" />
		<Unit filename="Scene/PerspectiveCamera.cpp" />
		<Unit filename="Scene/PerspectiveCamera.hpp" />
		<Unit filename="Scene/SceneInterfaces.hpp" />
		<Unit filename="Scene/Transformation.cpp" />
		<Unit filename="Scene/Transformation.hpp" />
		<Unit filename="Shaders/ShaderBuilder.cpp" />
		<Unit filename="Shaders/ShaderBuilder.hpp" />
		<Unit filename="Shaders/ShaderCompiler.cpp" />
		<Unit filename="Shaders/ShaderCompiler.hpp" />
		<Unit filename="Shaders/ShaderConfig.hpp" />
		<Unit filename="Shaders/ShaderInterfaces.cpp" />
		<Unit filename="Shaders/ShaderInterfaces.hpp" />
		<Unit filename="Shaders/ShaderObjects.cpp" />
		<Unit filename="Shaders/ShaderObjects.hpp" />
		<Unit filename="Shaders/ShaderResource.hpp" />
		<Unit filename="Shaders/ShaderUniforms.cpp" />
		<Unit filename="Shaders/ShaderUniforms.hpp" />
		<Unit filename="SimpleApp.hpp" />
		<Unit filename="Textures/TextureGenerator.hpp" />
		<Unit filename="Textures/TextureInterfaces.hpp" />
		<Unit filename="Textures/TextureLoader.cpp" />
		<Unit filename="Textures/TextureLoader.hpp" />
		<Unit filename="Textures/TextureObjects.cpp" />
		<Unit filename="Textures/TextureObjects.hpp" />
		<Unit filename="Textures/TextureResource.cpp" />
		<Unit filename="Textures/TextureResource.hpp" />
		<Unit filename="Textures/TextureSettings.cpp" />
		<Unit filename="Textures/TextureSettings.hpp" />
		<Unit filename="Types.cpp" />
		<Unit filename="Types.hpp" />
		<Unit filename="Utils/ConfigClass.cpp" />
		<Unit filename="Utils/ConfigClass.hpp" />
		<Unit filename="Utils/Containers.cpp" />
		<Unit filename="Utils/Containers.hpp" />
		<Unit filename="Utils/Debug.hpp" />
		<Unit filename="Utils/EmptyPlugin.cpp" />
		<Unit filename="Utils/Events.hpp" />
		<Unit filename="Utils/Exception.cpp" />
		<Unit filename="Utils/Exception.hpp" />
		<Unit filename="Utils/FilesIO.cpp" />
		<Unit filename="Utils/FilesIO.hpp" />
		<Unit filename="Utils/Log.cpp" />
		<Unit filename="Utils/Log.hpp" />
		<Unit filename="Utils/Memory.cpp" />
		<Unit filename="Utils/Memory.hpp" />
		<Unit filename="Utils/PluginSystem.cpp" />
		<Unit filename="Utils/PluginSystem.hpp" />
		<Unit filename="Utils/Singleton.hpp" />
		<Unit filename="Utils/Threads.cpp" />
		<Unit filename="Utils/Threads.hpp" />
		<Unit filename="Utils/Time.hpp" />
		<Unit filename="Utils/UIUtil.cpp" />
		<Unit filename="Utils/UIUtil.hpp" />
		<Unit filename="Utils/Worker.hpp" />
		<Unit filename="Viewports/Viewport.cpp" />
		<Unit filename="Viewports/Viewport.hpp" />
		<Unit filename="Viewports/ViewportInterfaces.cpp" />
		<Unit filename="Viewports/ViewportInterfaces.hpp" />
		<Unit filename="Voxels/SVO.cpp" />
		<Unit filename="Voxels/SVO.hpp" />
		<Unit filename="Voxels/SolidVolume.cpp" />
		<Unit filename="Voxels/SolidVolume.hpp" />
		<Extensions>
			<code_completion />
			<envvars />
			<debugger />
			<lib_finder disable_auto="1" />
			<DoxyBlocks>
				<comment_style block="0" line="0" />
				<doxyfile_project />
				<doxyfile_build />
				<doxyfile_warnings />
				<doxyfile_output />
				<doxyfile_dot />
				<general />
			</DoxyBlocks>
		</Extensions>
	</Project>
</CodeBlocks_project_file>
