<?xml version="1.0" encoding="UTF-8" standalone="yes" ?>
<CodeBlocks_project_file>
	<FileVersion major="1" minor="6" />
	<Project>
		<Option title="MorglodsRender" />
		<Option pch_mode="2" />
		<Option compiler="tdm_gcc64" />
		<Build>
			<Target title="Debug">
				<Option output="BUILD/dMorglodsRender" prefix_auto="1" extension_auto="1" />
				<Option working_dir="" />
				<Option object_output="obj/Debug/" />
				<Option type="2" />
				<Option compiler="tdm_gcc64" />
				<Option createDefFile="1" />
				<Compiler>
					<Add option="-Wall" />
					<Add option="-pg" />
					<Add option="-g" />
				</Compiler>
				<Linker>
					<Add option="-pg -lgmon" />
					<Add library="C:\Libs\Projects\MorglodsUtils\bin\Debug\libMorglodsUtils.a" />
				</Linker>
			</Target>
			<Target title="Release">
				<Option output="BUILD/MorglodsRender" prefix_auto="1" extension_auto="1" />
				<Option working_dir="BUILD" />
				<Option object_output="obj/Release/" />
				<Option type="3" />
				<Option compiler="tdm_gcc64" />
				<Option createDefFile="1" />
				<Option createStaticLib="1" />
				<Compiler>
					<Add option="-march=corei7-avx" />
					<Add option="-fexpensive-optimizations" />
					<Add option="-O3" />
					<Add option="-Wall" />
				</Compiler>
				<Linker>
					<Add library="C:\Libs\Projects\MorglodsUtils\bin\Release\libMorglodsUtils.a" />
				</Linker>
			</Target>
		</Build>
		<Compiler>
			<Add option="-std=c++11" />
			<Add directory="C:/Libs/assimp-3.1.1-win-binaries/include" />
			<Add directory="C:/Libs/Projects/MorglodsUtils" />
		</Compiler>
		<Linker>
			<Add library="libglew32.a" />
			<Add library="libglew32mx.a" />
			<Add library="libSOIL.a" />
			<Add library="opengl32" />
			<Add library="glu32" />
			<Add library="gdi32" />
			<Add library="winmm" />
			<Add library="pthread" />
			<Add library="libassimp.dll.a" />
			<Add directory="C:/Libs/assimp-3.1.1-win-binaries/mingw_build" />
			<Add directory="C:/TDM-GCC-64/lib" />
		</Linker>
		<Unit filename="Buffers/Buffers.cpp" />
		<Unit filename="Buffers/Buffers.hpp" />
		<Unit filename="Buffers/BuffersConfig.hpp" />
		<Unit filename="Buffers/BuffersInterfaces.hpp" />
		<Unit filename="Buffers/BuffersManager.cpp" />
		<Unit filename="Buffers/BuffersManager.hpp" />
		<Unit filename="Buffers/VirtualBuffer.cpp" />
		<Unit filename="Buffers/VirtualBuffer.hpp" />
		<Unit filename="BuildConfig.hpp" />
		<Unit filename="Collisions/CollisionBoxes.cpp" />
		<Unit filename="Collisions/CollisionBoxes.hpp" />
		<Unit filename="Collisions/CollisionInterfaces.hpp" />
		<Unit filename="Config.hpp" />
		<Unit filename="Core.cpp" />
		<Unit filename="Core.hpp" />
		<Unit filename="CoreObjects.cpp" />
		<Unit filename="CoreObjects.hpp" />
		<Unit filename="Geometry/GeometryBuffer.cpp" />
		<Unit filename="Geometry/GeometryBuffer.hpp" />
		<Unit filename="Geometry/GeometryBuilder.cpp" />
		<Unit filename="Geometry/GeometryBuilder.hpp" />
		<Unit filename="Geometry/GeometryDrawParams.cpp" />
		<Unit filename="Geometry/GeometryDrawParams.hpp" />
		<Unit filename="Geometry/GeometryFormats.cpp" />
		<Unit filename="Geometry/GeometryFormats.hpp" />
		<Unit filename="Geometry/GeometryInterfaces.hpp" />
		<Unit filename="Geometry/GeometryManager.cpp" />
		<Unit filename="Geometry/GeometryManager.hpp" />
		<Unit filename="Geometry/GeometryObject.cpp" />
		<Unit filename="Geometry/GeometryObject.hpp" />
		<Unit filename="Geometry/Mesh.cpp" />
		<Unit filename="Geometry/Mesh.hpp" />
		<Unit filename="Geometry/MeshInterfaces.hpp" />
		<Unit filename="MachineInfo.cpp" />
		<Unit filename="MachineInfo.hpp" />
		<Unit filename="Materials/Material.cpp" />
		<Unit filename="Materials/Material.hpp" />
		<Unit filename="Materials/MaterialInterfaces.hpp" />
		<Unit filename="Materials/MaterialsConfig.hpp" />
		<Unit filename="Models/ModelInterfaces.hpp" />
		<Unit filename="Models/Models.cpp" />
		<Unit filename="Models/Models.hpp" />
		<Unit filename="MorglodsRender.hpp" />
		<Unit filename="Postprocessing/PostprocessConfig.hpp" />
		<Unit filename="Postprocessing/PostprocessInterfaces.hpp" />
		<Unit filename="Postprocessing/PostprocessStep.cpp" />
		<Unit filename="Postprocessing/PostprocessStep.hpp" />
		<Unit filename="Query.cpp" />
		<Unit filename="Query.hpp" />
		<Unit filename="RTT/FrameBufferConfig.hpp" />
		<Unit filename="RTT/FrameBufferInterfaces.cpp" />
		<Unit filename="RTT/FrameBufferInterfaces.hpp" />
		<Unit filename="RTT/FrameBufferObjects.cpp" />
		<Unit filename="RTT/FrameBufferObjects.hpp" />
		<Unit filename="RTT/RenderBufferInterfaces.hpp" />
		<Unit filename="RTT/RenderBufferObject.cpp" />
		<Unit filename="RTT/RenderBufferObject.hpp" />
		<Unit filename="Resources/ResourceInterfaces.hpp" />
		<Unit filename="Resources/ResourceManager.hpp" />
		<Unit filename="Resources/ResourceType.cpp" />
		<Unit filename="Resources/ResourceType.hpp" />
		<Unit filename="Scene/Entity.cpp" />
		<Unit filename="Scene/Entity.hpp" />
		<Unit filename="Scene/Node.cpp" />
		<Unit filename="Scene/Node.hpp" />
		<Unit filename="Scene/PerspectiveCamera.cpp" />
		<Unit filename="Scene/PerspectiveCamera.hpp" />
		<Unit filename="Scene/SceneInterfaces.hpp" />
		<Unit filename="Scene/SceneLoader.cpp" />
		<Unit filename="Scene/SceneLoader.hpp" />
		<Unit filename="Scene/SceneManager.cpp" />
		<Unit filename="Scene/SceneManager.hpp" />
		<Unit filename="Scene/SceneManagerInterfaces.hpp" />
		<Unit filename="Scene/Transformation.cpp" />
		<Unit filename="Scene/Transformation.hpp" />
		<Unit filename="Shaders/BaseShaderFS.glsl" />
		<Unit filename="Shaders/BaseShaderVS.glsl" />
		<Unit filename="Shaders/ShaderCodeDefault.hpp" />
		<Unit filename="Shaders/ShaderCompiler.cpp" />
		<Unit filename="Shaders/ShaderCompiler.hpp" />
		<Unit filename="Shaders/ShaderConfig.hpp" />
		<Unit filename="Shaders/ShaderInterfaces.cpp" />
		<Unit filename="Shaders/ShaderInterfaces.hpp" />
		<Unit filename="Shaders/ShaderManager.cpp" />
		<Unit filename="Shaders/ShaderManager.hpp" />
		<Unit filename="Shaders/ShaderObjects.cpp" />
		<Unit filename="Shaders/ShaderObjects.hpp" />
		<Unit filename="Shaders/ShaderProgramObject.cpp" />
		<Unit filename="Shaders/ShaderProgramObject.hpp" />
		<Unit filename="Shaders/ShaderUniforms.cpp" />
		<Unit filename="Shaders/ShaderUniforms.hpp" />
		<Unit filename="Shaders/build_shader_resources.py" />
		<Unit filename="SimpleApp/ContextGLFW.hpp" />
		<Unit filename="SimpleApp/SimpleApp.hpp" />
		<Unit filename="StateCache.cpp" />
		<Unit filename="StateCache.hpp" />
		<Unit filename="Textures/TextureInterfaces.cpp" />
		<Unit filename="Textures/TextureInterfaces.hpp" />
		<Unit filename="Textures/TextureObjects.cpp" />
		<Unit filename="Textures/TextureObjects.hpp" />
		<Unit filename="Textures/TextureSettings.cpp" />
		<Unit filename="Textures/TextureSettings.hpp" />
		<Unit filename="Types.cpp" />
		<Unit filename="Types.hpp" />
		<Unit filename="Utils/Containers.cpp" />
		<Unit filename="Utils/Containers.hpp" />
		<Unit filename="Utils/Debug.hpp" />
		<Unit filename="Utils/EmptyPlugin.cpp" />
		<Unit filename="Utils/Exception.cpp" />
		<Unit filename="Utils/Exception.hpp" />
		<Unit filename="Utils/FilesIO.cpp" />
		<Unit filename="Utils/FilesIO.hpp" />
		<Unit filename="Utils/Log.cpp" />
		<Unit filename="Utils/Log.hpp" />
		<Unit filename="Utils/Memory.cpp" />
		<Unit filename="Utils/Memory.hpp" />
		<Unit filename="Utils/PluginSystem.cpp" />
		<Unit filename="Utils/PluginSystem.hpp" />
		<Unit filename="Utils/Pointers.hpp" />
		<Unit filename="Utils/Serialization.cpp" />
		<Unit filename="Utils/Serialization.hpp" />
		<Unit filename="Utils/UIUtil.cpp" />
		<Unit filename="Utils/UIUtil.hpp" />
		<Unit filename="Utils/Worker.hpp" />
		<Unit filename="Viewports/Viewport.cpp" />
		<Unit filename="Viewports/Viewport.hpp" />
		<Unit filename="_Anim.cpp" />
		<Unit filename="_Anim.hpp" />
		<Extensions>
			<code_completion />
			<envvars />
			<debugger />
			<lib_finder disable_auto="1" />
			<DoxyBlocks>
				<comment_style block="0" line="0" />
				<doxyfile_project />
				<doxyfile_build />
				<doxyfile_warnings />
				<doxyfile_output />
				<doxyfile_dot />
				<general />
			</DoxyBlocks>
		</Extensions>
	</Project>
</CodeBlocks_project_file>
